<?xml version="1.0" encoding="utf-8"?>
<Project ToolsVersion="4.0" xmlns="http://schemas.microsoft.com/developer/msbuild/2003">
  <ItemGroup>
    <Filter Include="소스 파일">
      <UniqueIdentifier>{4FC737F1-C7A5-4376-A066-2A32D752A2FF}</UniqueIdentifier>
      <Extensions>cpp;c;cc;cxx;c++;cppm;ixx;def;odl;idl;hpj;bat;asm;asmx</Extensions>
    </Filter>
    <Filter Include="헤더 파일">
      <UniqueIdentifier>{93995380-89BD-4b04-88EB-625FBE52EBFB}</UniqueIdentifier>
      <Extensions>h;hh;hpp;hxx;h++;hm;inl;inc;ipp;xsd</Extensions>
    </Filter>
    <Filter Include="리소스 파일">
      <UniqueIdentifier>{67DA6AB6-F800-4c08-8B7A-83BB121AAD01}</UniqueIdentifier>
      <Extensions>rc;ico;cur;bmp;dlg;rc2;rct;bin;rgs;gif;jpg;jpeg;jpe;resx;tiff;tif;png;wav;mfcribbon-ms</Extensions>
    </Filter>
    <Filter Include="소스 파일\Engine">
      <UniqueIdentifier>{1c642f39-f97e-45c1-a01d-9d66d8e598af}</UniqueIdentifier>
    </Filter>
    <Filter Include="헤더 파일\Engine">
      <UniqueIdentifier>{84a0a666-c021-4a7a-b8ac-3f18cb921666}</UniqueIdentifier>
    </Filter>
    <Filter Include="헤더 파일\Engine\Common">
      <UniqueIdentifier>{351304e2-4de4-4860-91e3-059859f83f52}</UniqueIdentifier>
    </Filter>
    <Filter Include="헤더 파일\Engine\Component">
      <UniqueIdentifier>{24b8b711-d309-4c4f-8f0e-be72b949b073}</UniqueIdentifier>
    </Filter>
    <Filter Include="헤더 파일\Engine\Resource">
      <UniqueIdentifier>{d7c5f363-c39e-4750-83f7-c50cdc438b3a}</UniqueIdentifier>
    </Filter>
    <Filter Include="소스 파일\Engine\Common">
      <UniqueIdentifier>{5f3c9584-358f-4aff-bfc5-5feec4334a57}</UniqueIdentifier>
    </Filter>
    <Filter Include="소스 파일\Engine\Component">
      <UniqueIdentifier>{d994f78b-e291-4282-a5c9-8ef63af9dca9}</UniqueIdentifier>
    </Filter>
    <Filter Include="소스 파일\Engine\Resource">
      <UniqueIdentifier>{eacb82a5-a291-4929-ad5a-0aad9a166bda}</UniqueIdentifier>
    </Filter>
    <Filter Include="소스 파일\Ex">
      <UniqueIdentifier>{7734a7b2-c291-49e7-a7b1-d8613a39a0e0}</UniqueIdentifier>
    </Filter>
    <Filter Include="헤더 파일\Ex">
      <UniqueIdentifier>{06496829-160f-4058-846d-e09684cc1727}</UniqueIdentifier>
    </Filter>
    <Filter Include="헤더 파일\Header">
      <UniqueIdentifier>{e9eeb80d-40c9-49f2-a7fb-8c264ba97bb4}</UniqueIdentifier>
    </Filter>
    <Filter Include="헤더 파일\Window">
      <UniqueIdentifier>{b2a6b1c6-6e1e-4199-94de-8e80d1ceee96}</UniqueIdentifier>
    </Filter>
    <Filter Include="소스 파일\Window">
      <UniqueIdentifier>{7a3bec4c-82a1-40c8-87cf-2010b6f7ddfa}</UniqueIdentifier>
    </Filter>
    <Filter Include="헤더 파일\Engine\Utils">
      <UniqueIdentifier>{eefed41e-975a-4659-ac3f-9a4ea3a4eb70}</UniqueIdentifier>
    </Filter>
    <Filter Include="소스 파일\Engine\Utils">
      <UniqueIdentifier>{ec1d6017-29e7-439d-86cc-6d196b540594}</UniqueIdentifier>
    </Filter>
    <Filter Include="헤더 파일\Engine\Data">
      <UniqueIdentifier>{49c17cf0-a2d1-4f65-a536-5bceaf7bb8e0}</UniqueIdentifier>
    </Filter>
    <Filter Include="소스 파일\Engine\Manager">
      <UniqueIdentifier>{db9885b9-c0d4-4140-b56e-f7d017837ebf}</UniqueIdentifier>
    </Filter>
    <Filter Include="헤더 파일\Engine\Manager">
      <UniqueIdentifier>{65570676-2d66-42c3-84c2-47f92fb91389}</UniqueIdentifier>
    </Filter>
  </ItemGroup>
  <ItemGroup>
    <ClCompile Include="Scripts\Main.cpp">
      <Filter>소스 파일</Filter>
    </ClCompile>
    <ClCompile Include="Scripts\Window\MainWindow.cpp">
      <Filter>소스 파일\Window</Filter>
    </ClCompile>
    <ClCompile Include="Scripts\Window\WindowsUtils.cpp">
      <Filter>소스 파일\Window</Filter>
    </ClCompile>
    <ClCompile Include="Scripts\Ex\ExBox.cpp">
      <Filter>소스 파일\Ex</Filter>
    </ClCompile>
    <ClCompile Include="Scripts\Ex\ExShape.cpp">
      <Filter>소스 파일\Ex</Filter>
    </ClCompile>
    <ClCompile Include="Scripts\Engine\Common\GameTimer.cpp">
      <Filter>소스 파일\Engine\Common</Filter>
    </ClCompile>
    <ClCompile Include="Scripts\Engine\Common\Wave.cpp">
      <Filter>소스 파일\Engine\Common</Filter>
    </ClCompile>
    <ClCompile Include="Scripts\Engine\Component\GameObject.cpp">
      <Filter>소스 파일\Engine\Component</Filter>
    </ClCompile>
    <ClCompile Include="Scripts\Engine\Component\Transform.cpp">
      <Filter>소스 파일\Engine\Component</Filter>
    </ClCompile>
    <ClCompile Include="Scripts\Engine\Resource\FrameResource.cpp">
      <Filter>소스 파일\Engine\Resource</Filter>
    </ClCompile>
    <ClCompile Include="Scripts\Engine\GraphicEngine.cpp">
      <Filter>소스 파일\Engine</Filter>
    </ClCompile>
    <ClCompile Include="Scripts\Engine\Utils\D3DUtils.cpp">
      <Filter>소스 파일\Engine\Utils</Filter>
    </ClCompile>
    <ClCompile Include="Scripts\Engine\Utils\MathUtils.cpp">
      <Filter>소스 파일\Engine\Utils</Filter>
    </ClCompile>
    <ClCompile Include="Scripts\Engine\Utils\GeometryGenerator.cpp">
      <Filter>소스 파일\Engine\Utils</Filter>
    </ClCompile>
    <ClCompile Include="Scripts\Ex\ExTexture.cpp">
      <Filter>소스 파일\Ex</Filter>
    </ClCompile>
    <ClCompile Include="Scripts\Engine\Component\Camera.cpp">
      <Filter>소스 파일\Engine\Component</Filter>
    </ClCompile>
    <ClCompile Include="Scripts\Engine\Utils\DDSTextureLoader.cpp">
      <Filter>소스 파일\Engine\Utils</Filter>
    </ClCompile>
    <ClCompile Include="Scripts\Engine\Utils\Gizmo.cpp">
      <Filter>소스 파일\Engine\Utils</Filter>
    </ClCompile>
    <ClCompile Include="Scripts\Ex\ExGeoShader.cpp">
      <Filter>소스 파일\Ex</Filter>
    </ClCompile>
    <ClCompile Include="Scripts\Engine\Component\MeshFilter.cpp">
      <Filter>소스 파일\Engine\Component</Filter>
    </ClCompile>
    <ClCompile Include="Scripts\Engine\Component\Component.cpp">
      <Filter>소스 파일\Engine\Component</Filter>
    </ClCompile>
    <ClCompile Include="Scripts\Engine\Manager\MeshManager.cpp">
      <Filter>소스 파일\Engine\Manager</Filter>
    </ClCompile>
    <ClCompile Include="Scripts\Ex\Blur.cpp">
      <Filter>소스 파일\Ex</Filter>
    </ClCompile>
    <ClCompile Include="Scripts\Ex\BlurFilter.cpp">
      <Filter>소스 파일\Ex</Filter>
    </ClCompile>
    <ClCompile Include="Scripts\Engine\EngineBase.cpp">
      <Filter>소스 파일\Engine</Filter>
    </ClCompile>
    <ClCompile Include="Scripts\Ex\Tesselation.cpp">
      <Filter>소스 파일\Ex</Filter>
    </ClCompile>
    <ClCompile Include="Scripts\Ex\ExInstancing.cpp">
      <Filter>소스 파일\Ex</Filter>
    </ClCompile>
    <ClCompile Include="Scripts\Ex\Raycast.cpp">
      <Filter>소스 파일\Ex</Filter>
    </ClCompile>
    <ClCompile Include="Scripts\Ex\Testing.cpp">
      <Filter>소스 파일\Ex</Filter>
    </ClCompile>
  </ItemGroup>
  <ItemGroup>
    <ClInclude Include="Scripts\Window\MainWindow.h">
      <Filter>헤더 파일\Window</Filter>
    </ClInclude>
    <ClInclude Include="Scripts\Window\resource.h">
      <Filter>헤더 파일\Window</Filter>
    </ClInclude>
    <ClInclude Include="Scripts\Window\WindowsUtils.h">
      <Filter>헤더 파일\Window</Filter>
    </ClInclude>
    <ClInclude Include="Scripts\Header\d3dx12.h">
      <Filter>헤더 파일\Header</Filter>
    </ClInclude>
    <ClInclude Include="Scripts\Ex\ExBox.h">
      <Filter>헤더 파일\Ex</Filter>
    </ClInclude>
    <ClInclude Include="Scripts\Ex\ExShape.h">
      <Filter>헤더 파일\Ex</Filter>
    </ClInclude>
    <ClInclude Include="Scripts\Engine\Common\GameTimer.h">
      <Filter>헤더 파일\Engine\Common</Filter>
    </ClInclude>
    <ClInclude Include="Scripts\Engine\Common\Wave.h">
      <Filter>헤더 파일\Engine\Common</Filter>
    </ClInclude>
    <ClInclude Include="Scripts\Engine\Component\GameObject.h">
      <Filter>헤더 파일\Engine\Component</Filter>
    </ClInclude>
    <ClInclude Include="Scripts\Engine\Component\Transform.h">
      <Filter>헤더 파일\Engine\Component</Filter>
    </ClInclude>
    <ClInclude Include="Scripts\Engine\Resource\FrameResource.h">
      <Filter>헤더 파일\Engine\Resource</Filter>
    </ClInclude>
    <ClInclude Include="Scripts\Engine\Resource\UploadBuffer.h">
      <Filter>헤더 파일\Engine\Resource</Filter>
    </ClInclude>
    <ClInclude Include="Scripts\Engine\GraphicEngine.h">
      <Filter>헤더 파일\Engine</Filter>
    </ClInclude>
    <ClInclude Include="Scripts\Engine\Utils\D3DUtils.h">
      <Filter>헤더 파일\Engine\Utils</Filter>
    </ClInclude>
    <ClInclude Include="Scripts\Engine\Utils\MathUtils.h">
      <Filter>헤더 파일\Engine\Utils</Filter>
    </ClInclude>
    <ClInclude Include="Scripts\Engine\Utils\GeometryGenerator.h">
      <Filter>헤더 파일\Engine\Utils</Filter>
    </ClInclude>
    <ClInclude Include="Scripts\Engine\Data\DataTypes.h">
      <Filter>헤더 파일\Engine\Data</Filter>
    </ClInclude>
    <ClInclude Include="Scripts\Ex\ExTexture.h">
      <Filter>헤더 파일\Ex</Filter>
    </ClInclude>
    <ClInclude Include="Scripts\Engine\Component\Camera.h">
      <Filter>헤더 파일\Engine\Component</Filter>
    </ClInclude>
    <ClInclude Include="Scripts\Engine\Utils\DDSTextureLoader.h">
      <Filter>헤더 파일\Engine\Utils</Filter>
    </ClInclude>
    <ClInclude Include="Scripts\Engine\Utils\Gizmo.h">
      <Filter>헤더 파일\Engine\Utils</Filter>
    </ClInclude>
    <ClInclude Include="Scripts\Ex\ExGeoShader.h">
      <Filter>헤더 파일\Ex</Filter>
    </ClInclude>
    <ClInclude Include="Scripts\Engine\Component\MeshFilter.h">
      <Filter>헤더 파일\Engine\Component</Filter>
    </ClInclude>
    <ClInclude Include="Scripts\Engine\Component\Component.h">
      <Filter>헤더 파일\Engine\Component</Filter>
    </ClInclude>
    <ClInclude Include="Scripts\Engine\Manager\MeshManager.h">
      <Filter>헤더 파일\Engine\Manager</Filter>
    </ClInclude>
    <ClInclude Include="Scripts\Engine\Common\Singleton.h">
      <Filter>헤더 파일\Engine\Common</Filter>
    </ClInclude>
    <ClInclude Include="Scripts\Ex\Blur.h">
      <Filter>헤더 파일\Ex</Filter>
    </ClInclude>
    <ClInclude Include="Scripts\Ex\BlurFilter.h">
      <Filter>헤더 파일\Ex</Filter>
    </ClInclude>
    <ClInclude Include="Scripts\Engine\EngineBase.h">
      <Filter>헤더 파일\Engine</Filter>
    </ClInclude>
    <ClInclude Include="Scripts\Ex\Tesselation.h">
      <Filter>헤더 파일\Ex</Filter>
    </ClInclude>
    <ClInclude Include="Scripts\Ex\ExInstancing.h">
      <Filter>헤더 파일\Ex</Filter>
    </ClInclude>
    <ClInclude Include="Scripts\Ex\Raycast.h">
      <Filter>헤더 파일\Ex</Filter>
    </ClInclude>
    <ClInclude Include="Scripts\Ex\Testing.h">
      <Filter>헤더 파일\Ex</Filter>
    </ClInclude>
  </ItemGroup>
  <ItemGroup>
    <ResourceCompile Include="Scripts\Window\DirectX_Study.rc">
      <Filter>리소스 파일</Filter>
    </ResourceCompile>
  </ItemGroup>
</Project>